// !$*UTF8*$!
{
	archiveVersion = 1;
	classes = {
	};
	objectVersion = 46;
	objects = {

/* Begin PBXBuildFile section */
		8925E1E11F018BF300E3C2EC /* UserService.swift in Sources */ = {isa = PBXBuildFile; fileRef = 8925E1E01F018BF300E3C2EC /* UserService.swift */; };
		8925E1E41F01AD8900E3C2EC /* CreateUsernameViewControler.swift in Sources */ = {isa = PBXBuildFile; fileRef = 8925E1E31F01AD8900E3C2EC /* CreateUsernameViewControler.swift */; };
		8925E1E61F01C03100E3C2EC /* Constants.swift in Sources */ = {isa = PBXBuildFile; fileRef = 8925E1E51F01C03100E3C2EC /* Constants.swift */; };
		8925E1E81F01C10D00E3C2EC /* Storyboard+Utility.swift in Sources */ = {isa = PBXBuildFile; fileRef = 8925E1E71F01C10D00E3C2EC /* Storyboard+Utility.swift */; };
		8925E1EB1F01D5C400E3C2EC /* HomeViewController.swift in Sources */ = {isa = PBXBuildFile; fileRef = 8925E1EA1F01D5C400E3C2EC /* HomeViewController.swift */; };
		8925E1ED1F01D5DA00E3C2EC /* FindFriendsViewController.swift in Sources */ = {isa = PBXBuildFile; fileRef = 8925E1EC1F01D5DA00E3C2EC /* FindFriendsViewController.swift */; };
		892839471F02DB8C00AEF97C /* MainTabBarController.swift in Sources */ = {isa = PBXBuildFile; fileRef = 892839461F02DB8C00AEF97C /* MainTabBarController.swift */; };
		892839491F02E11F00AEF97C /* MGPhotoHelper.swift in Sources */ = {isa = PBXBuildFile; fileRef = 892839481F02E11F00AEF97C /* MGPhotoHelper.swift */; };
		8928394E1F030EBA00AEF97C /* StorageService.swift in Sources */ = {isa = PBXBuildFile; fileRef = 8928394D1F030EBA00AEF97C /* StorageService.swift */; };
		892839501F03117F00AEF97C /* PostService.swift in Sources */ = {isa = PBXBuildFile; fileRef = 8928394F1F03117F00AEF97C /* PostService.swift */; };
		892839521F0313B900AEF97C /* Post.swift in Sources */ = {isa = PBXBuildFile; fileRef = 892839511F0313B900AEF97C /* Post.swift */; };
		892839541F03181D00AEF97C /* UIImage+Size.swift in Sources */ = {isa = PBXBuildFile; fileRef = 892839531F03181D00AEF97C /* UIImage+Size.swift */; };
		892839561F0319F100AEF97C /* StorageReference+Push.swift in Sources */ = {isa = PBXBuildFile; fileRef = 892839551F0319F100AEF97C /* StorageReference+Push.swift */; };
		892839581F031E2700AEF97C /* Home.storyboard in Resources */ = {isa = PBXBuildFile; fileRef = 892839571F031E2700AEF97C /* Home.storyboard */; };
		8928CB0F1F040EA80031FE7E /* PostImageCell.swift in Sources */ = {isa = PBXBuildFile; fileRef = 8928CB0E1F040EA80031FE7E /* PostImageCell.swift */; };
		8928CB121F0423870031FE7E /* PostHeaderCell.swift in Sources */ = {isa = PBXBuildFile; fileRef = 8928CB111F0423870031FE7E /* PostHeaderCell.swift */; };
		8928CB141F042A5A0031FE7E /* PostActionCell.swift in Sources */ = {isa = PBXBuildFile; fileRef = 8928CB131F042A5A0031FE7E /* PostActionCell.swift */; };
		89452E5E1EFC72610063A9D0 /* LaunchScreen.storyboard in Resources */ = {isa = PBXBuildFile; fileRef = 89452E5C1EFC72610063A9D0 /* LaunchScreen.storyboard */; };
		89452E5F1EFC72610063A9D0 /* Main.storyboard in Resources */ = {isa = PBXBuildFile; fileRef = 89452E5D1EFC72610063A9D0 /* Main.storyboard */; };
		89452E621EFC726B0063A9D0 /* GoogleService-Info.plist in Resources */ = {isa = PBXBuildFile; fileRef = 89452E601EFC726B0063A9D0 /* GoogleService-Info.plist */; };
		89452E6A1EFC77960063A9D0 /* Login.storyboard in Resources */ = {isa = PBXBuildFile; fileRef = 89452E691EFC77960063A9D0 /* Login.storyboard */; };
		894C18C71EFDDA8000FA1C6A /* User.swift in Sources */ = {isa = PBXBuildFile; fileRef = 894C18C61EFDDA8000FA1C6A /* User.swift */; };
		894C18C91EFDDAF000FA1C6A /* LoginViewController.swift in Sources */ = {isa = PBXBuildFile; fileRef = 894C18C81EFDDAF000FA1C6A /* LoginViewController.swift */; };
		89BE4C651EFC6EE900803B42 /* AppDelegate.swift in Sources */ = {isa = PBXBuildFile; fileRef = 89BE4C641EFC6EE900803B42 /* AppDelegate.swift */; };
		89BE4C6C1EFC6EE900803B42 /* Assets.xcassets in Resources */ = {isa = PBXBuildFile; fileRef = 89BE4C6B1EFC6EE900803B42 /* Assets.xcassets */; };
		D29177571469E3104857B4C4 /* Pods_Makestagram.framework in Frameworks */ = {isa = PBXBuildFile; fileRef = 70120B9C84D8D23646C7FABA /* Pods_Makestagram.framework */; };
/* End PBXBuildFile section */

/* Begin PBXFileReference section */
		13B9823BF275AA6B05240DFA /* Pods-Makestagram.debug.xcconfig */ = {isa = PBXFileReference; includeInIndex = 1; lastKnownFileType = text.xcconfig; name = "Pods-Makestagram.debug.xcconfig"; path = "Pods/Target Support Files/Pods-Makestagram/Pods-Makestagram.debug.xcconfig"; sourceTree = "<group>"; };
		6587EB256310D9831CC09EE0 /* Pods-Makestagram.release.xcconfig */ = {isa = PBXFileReference; includeInIndex = 1; lastKnownFileType = text.xcconfig; name = "Pods-Makestagram.release.xcconfig"; path = "Pods/Target Support Files/Pods-Makestagram/Pods-Makestagram.release.xcconfig"; sourceTree = "<group>"; };
		70120B9C84D8D23646C7FABA /* Pods_Makestagram.framework */ = {isa = PBXFileReference; explicitFileType = wrapper.framework; includeInIndex = 0; path = Pods_Makestagram.framework; sourceTree = BUILT_PRODUCTS_DIR; };
		8925E1E01F018BF300E3C2EC /* UserService.swift */ = {isa = PBXFileReference; fileEncoding = 4; lastKnownFileType = sourcecode.swift; name = UserService.swift; path = Services/UserService.swift; sourceTree = "<group>"; };
		8925E1E31F01AD8900E3C2EC /* CreateUsernameViewControler.swift */ = {isa = PBXFileReference; fileEncoding = 4; lastKnownFileType = sourcecode.swift; name = CreateUsernameViewControler.swift; path = Controllers/CreateUsernameViewControler.swift; sourceTree = "<group>"; };
		8925E1E51F01C03100E3C2EC /* Constants.swift */ = {isa = PBXFileReference; fileEncoding = 4; lastKnownFileType = sourcecode.swift; name = Constants.swift; path = Supporting/Constants.swift; sourceTree = "<group>"; };
		8925E1E71F01C10D00E3C2EC /* Storyboard+Utility.swift */ = {isa = PBXFileReference; fileEncoding = 4; lastKnownFileType = sourcecode.swift; name = "Storyboard+Utility.swift"; path = "Extensions/Storyboard+Utility.swift"; sourceTree = "<group>"; };
		8925E1EA1F01D5C400E3C2EC /* HomeViewController.swift */ = {isa = PBXFileReference; fileEncoding = 4; lastKnownFileType = sourcecode.swift; name = HomeViewController.swift; path = Controllers/HomeViewController.swift; sourceTree = "<group>"; };
		8925E1EC1F01D5DA00E3C2EC /* FindFriendsViewController.swift */ = {isa = PBXFileReference; fileEncoding = 4; lastKnownFileType = sourcecode.swift; name = FindFriendsViewController.swift; path = Controllers/FindFriendsViewController.swift; sourceTree = "<group>"; };
		892839461F02DB8C00AEF97C /* MainTabBarController.swift */ = {isa = PBXFileReference; fileEncoding = 4; lastKnownFileType = sourcecode.swift; name = MainTabBarController.swift; path = Controllers/MainTabBarController.swift; sourceTree = "<group>"; };
		892839481F02E11F00AEF97C /* MGPhotoHelper.swift */ = {isa = PBXFileReference; fileEncoding = 4; lastKnownFileType = sourcecode.swift; name = MGPhotoHelper.swift; path = Helpers/MGPhotoHelper.swift; sourceTree = "<group>"; };
		8928394D1F030EBA00AEF97C /* StorageService.swift */ = {isa = PBXFileReference; fileEncoding = 4; lastKnownFileType = sourcecode.swift; name = StorageService.swift; path = Services/StorageService.swift; sourceTree = "<group>"; };
		8928394F1F03117F00AEF97C /* PostService.swift */ = {isa = PBXFileReference; fileEncoding = 4; lastKnownFileType = sourcecode.swift; name = PostService.swift; path = Services/PostService.swift; sourceTree = "<group>"; };
		892839511F0313B900AEF97C /* Post.swift */ = {isa = PBXFileReference; fileEncoding = 4; lastKnownFileType = sourcecode.swift; name = Post.swift; path = Models/Post.swift; sourceTree = "<group>"; };
		892839531F03181D00AEF97C /* UIImage+Size.swift */ = {isa = PBXFileReference; fileEncoding = 4; lastKnownFileType = sourcecode.swift; name = "UIImage+Size.swift"; path = "Extensions/UIImage+Size.swift"; sourceTree = "<group>"; };
		892839551F0319F100AEF97C /* StorageReference+Push.swift */ = {isa = PBXFileReference; fileEncoding = 4; lastKnownFileType = sourcecode.swift; name = "StorageReference+Push.swift"; path = "Extensions/StorageReference+Push.swift"; sourceTree = "<group>"; };
		892839571F031E2700AEF97C /* Home.storyboard */ = {isa = PBXFileReference; fileEncoding = 4; lastKnownFileType = file.storyboard; name = Home.storyboard; path = Storyboards/Home.storyboard; sourceTree = "<group>"; };
		8928CB0E1F040EA80031FE7E /* PostImageCell.swift */ = {isa = PBXFileReference; fileEncoding = 4; lastKnownFileType = sourcecode.swift; name = PostImageCell.swift; path = Views/PostImageCell.swift; sourceTree = "<group>"; };
		8928CB111F0423870031FE7E /* PostHeaderCell.swift */ = {isa = PBXFileReference; fileEncoding = 4; lastKnownFileType = sourcecode.swift; name = PostHeaderCell.swift; path = Views/PostHeaderCell.swift; sourceTree = "<group>"; };
		8928CB131F042A5A0031FE7E /* PostActionCell.swift */ = {isa = PBXFileReference; fileEncoding = 4; lastKnownFileType = sourcecode.swift; name = PostActionCell.swift; path = Views/PostActionCell.swift; sourceTree = "<group>"; };
		89452E5C1EFC72610063A9D0 /* LaunchScreen.storyboard */ = {isa = PBXFileReference; fileEncoding = 4; lastKnownFileType = file.storyboard; name = LaunchScreen.storyboard; path = Storyboards/LaunchScreen.storyboard; sourceTree = "<group>"; };
		89452E5D1EFC72610063A9D0 /* Main.storyboard */ = {isa = PBXFileReference; fileEncoding = 4; lastKnownFileType = file.storyboard; name = Main.storyboard; path = Storyboards/Main.storyboard; sourceTree = "<group>"; };
		89452E601EFC726B0063A9D0 /* GoogleService-Info.plist */ = {isa = PBXFileReference; fileEncoding = 4; lastKnownFileType = text.plist.xml; name = "GoogleService-Info.plist"; path = "Supporting/GoogleService-Info.plist"; sourceTree = "<group>"; };
		89452E611EFC726B0063A9D0 /* Info.plist */ = {isa = PBXFileReference; fileEncoding = 4; lastKnownFileType = text.plist.xml; name = Info.plist; path = Supporting/Info.plist; sourceTree = "<group>"; };
		89452E691EFC77960063A9D0 /* Login.storyboard */ = {isa = PBXFileReference; fileEncoding = 4; lastKnownFileType = file.storyboard; name = Login.storyboard; path = Storyboards/Login.storyboard; sourceTree = "<group>"; };
		894C18C61EFDDA8000FA1C6A /* User.swift */ = {isa = PBXFileReference; fileEncoding = 4; lastKnownFileType = sourcecode.swift; name = User.swift; path = Models/User.swift; sourceTree = "<group>"; };
		894C18C81EFDDAF000FA1C6A /* LoginViewController.swift */ = {isa = PBXFileReference; fileEncoding = 4; lastKnownFileType = sourcecode.swift; name = LoginViewController.swift; path = Controllers/LoginViewController.swift; sourceTree = "<group>"; };
		89BE4C611EFC6EE900803B42 /* Makestagram.app */ = {isa = PBXFileReference; explicitFileType = wrapper.application; includeInIndex = 0; path = Makestagram.app; sourceTree = BUILT_PRODUCTS_DIR; };
		89BE4C641EFC6EE900803B42 /* AppDelegate.swift */ = {isa = PBXFileReference; lastKnownFileType = sourcecode.swift; path = AppDelegate.swift; sourceTree = "<group>"; };
		89BE4C6B1EFC6EE900803B42 /* Assets.xcassets */ = {isa = PBXFileReference; lastKnownFileType = folder.assetcatalog; path = Assets.xcassets; sourceTree = "<group>"; };
/* End PBXFileReference section */

/* Begin PBXFrameworksBuildPhase section */
		89BE4C5E1EFC6EE900803B42 /* Frameworks */ = {
			isa = PBXFrameworksBuildPhase;
			buildActionMask = 2147483647;
			files = (
				D29177571469E3104857B4C4 /* Pods_Makestagram.framework in Frameworks */,
			);
			runOnlyForDeploymentPostprocessing = 0;
		};
/* End PBXFrameworksBuildPhase section */

/* Begin PBXGroup section */
		4D6E379E693E43C6FED6E63B /* Pods */ = {
			isa = PBXGroup;
			children = (
				13B9823BF275AA6B05240DFA /* Pods-Makestagram.debug.xcconfig */,
				6587EB256310D9831CC09EE0 /* Pods-Makestagram.release.xcconfig */,
			);
			name = Pods;
			sourceTree = "<group>";
		};
		8925E1E21F018BFE00E3C2EC /* Services */ = {
			isa = PBXGroup;
			children = (
				8925E1E01F018BF300E3C2EC /* UserService.swift */,
				8928394D1F030EBA00AEF97C /* StorageService.swift */,
				8928394F1F03117F00AEF97C /* PostService.swift */,
			);
			name = Services;
			sourceTree = "<group>";
		};
		8925E1E91F01C11200E3C2EC /* Extensions */ = {
			isa = PBXGroup;
			children = (
				8925E1E71F01C10D00E3C2EC /* Storyboard+Utility.swift */,
				892839531F03181D00AEF97C /* UIImage+Size.swift */,
				892839551F0319F100AEF97C /* StorageReference+Push.swift */,
			);
			name = Extensions;
			sourceTree = "<group>";
		};
		8928394A1F02E12400AEF97C /* Helpers */ = {
			isa = PBXGroup;
			children = (
				892839481F02E11F00AEF97C /* MGPhotoHelper.swift */,
			);
			name = Helpers;
			sourceTree = "<group>";
		};
		8928CB101F040EAE0031FE7E /* Views */ = {
			isa = PBXGroup;
			children = (
				8928CB0E1F040EA80031FE7E /* PostImageCell.swift */,
				8928CB111F0423870031FE7E /* PostHeaderCell.swift */,
				8928CB131F042A5A0031FE7E /* PostActionCell.swift */,
			);
			name = Views;
			sourceTree = "<group>";
		};
		89452E641EFC74830063A9D0 /* Storyboards */ = {
			isa = PBXGroup;
			children = (
				89452E5D1EFC72610063A9D0 /* Main.storyboard */,
				892839571F031E2700AEF97C /* Home.storyboard */,
				89452E691EFC77960063A9D0 /* Login.storyboard */,
			);
			name = Storyboards;
			sourceTree = "<group>";
		};
		89452E651EFC74F40063A9D0 /* View Controllers */ = {
			isa = PBXGroup;
			children = (
				894C18C81EFDDAF000FA1C6A /* LoginViewController.swift */,
				8925E1E31F01AD8900E3C2EC /* CreateUsernameViewControler.swift */,
				8925E1EA1F01D5C400E3C2EC /* HomeViewController.swift */,
				8925E1EC1F01D5DA00E3C2EC /* FindFriendsViewController.swift */,
				892839461F02DB8C00AEF97C /* MainTabBarController.swift */,
			);
			name = "View Controllers";
			sourceTree = "<group>";
		};
		89452E661EFC75090063A9D0 /* Supporting */ = {
			isa = PBXGroup;
			children = (
				89452E601EFC726B0063A9D0 /* GoogleService-Info.plist */,
				89452E611EFC726B0063A9D0 /* Info.plist */,
				89452E5C1EFC72610063A9D0 /* LaunchScreen.storyboard */,
				8925E1E51F01C03100E3C2EC /* Constants.swift */,
			);
			name = Supporting;
			sourceTree = "<group>";
		};
		894C18CA1EFDDB7E00FA1C6A /* Models */ = {
			isa = PBXGroup;
			children = (
				894C18C61EFDDA8000FA1C6A /* User.swift */,
				892839511F0313B900AEF97C /* Post.swift */,
			);
			name = Models;
			sourceTree = "<group>";
		};
		89BE4C581EFC6EE900803B42 = {
			isa = PBXGroup;
			children = (
				89BE4C631EFC6EE900803B42 /* Makestagram */,
				89BE4C621EFC6EE900803B42 /* Products */,
				4D6E379E693E43C6FED6E63B /* Pods */,
				A69F5B1E9E1E0186839E057E /* Frameworks */,
			);
			sourceTree = "<group>";
		};
		89BE4C621EFC6EE900803B42 /* Products */ = {
			isa = PBXGroup;
			children = (
				89BE4C611EFC6EE900803B42 /* Makestagram.app */,
			);
			name = Products;
			sourceTree = "<group>";
		};
		89BE4C631EFC6EE900803B42 /* Makestagram */ = {
			isa = PBXGroup;
			children = (
				89BE4C641EFC6EE900803B42 /* AppDelegate.swift */,
				89BE4C6B1EFC6EE900803B42 /* Assets.xcassets */,
				8925E1E91F01C11200E3C2EC /* Extensions */,
				8928394A1F02E12400AEF97C /* Helpers */,
				894C18CA1EFDDB7E00FA1C6A /* Models */,
				8925E1E21F018BFE00E3C2EC /* Services */,
				89452E641EFC74830063A9D0 /* Storyboards */,
				89452E661EFC75090063A9D0 /* Supporting */,
				89452E651EFC74F40063A9D0 /* View Controllers */,
				8928CB101F040EAE0031FE7E /* Views */,
			);
			path = Makestagram;
			sourceTree = "<group>";
		};
		A69F5B1E9E1E0186839E057E /* Frameworks */ = {
			isa = PBXGroup;
			children = (
				70120B9C84D8D23646C7FABA /* Pods_Makestagram.framework */,
			);
			name = Frameworks;
			sourceTree = "<group>";
		};
/* End PBXGroup section */

/* Begin PBXNativeTarget section */
		89BE4C601EFC6EE900803B42 /* Makestagram */ = {
			isa = PBXNativeTarget;
			buildConfigurationList = 89BE4C731EFC6EE900803B42 /* Build configuration list for PBXNativeTarget "Makestagram" */;
			buildPhases = (
				8F8EC247381662493256FC21 /* [CP] Check Pods Manifest.lock */,
				89BE4C5D1EFC6EE900803B42 /* Sources */,
				89BE4C5E1EFC6EE900803B42 /* Frameworks */,
				89BE4C5F1EFC6EE900803B42 /* Resources */,
				88D6BF5785B059DF5C298AE9 /* [CP] Embed Pods Frameworks */,
				AA9F50BE2ECC23881AD65675 /* [CP] Copy Pods Resources */,
			);
			buildRules = (
			);
			dependencies = (
			);
			name = Makestagram;
			productName = Makestagram;
			productReference = 89BE4C611EFC6EE900803B42 /* Makestagram.app */;
			productType = "com.apple.product-type.application";
		};
/* End PBXNativeTarget section */

/* Begin PBXProject section */
		89BE4C591EFC6EE900803B42 /* Project object */ = {
			isa = PBXProject;
			attributes = {
				LastSwiftUpdateCheck = 0830;
				LastUpgradeCheck = 0830;
				ORGANIZATIONNAME = "Howard Wang";
				TargetAttributes = {
					89BE4C601EFC6EE900803B42 = {
						CreatedOnToolsVersion = 8.3.3;
						DevelopmentTeam = 84R2JMF96C;
						ProvisioningStyle = Automatic;
					};
				};
			};
			buildConfigurationList = 89BE4C5C1EFC6EE900803B42 /* Build configuration list for PBXProject "Makestagram" */;
			compatibilityVersion = "Xcode 3.2";
			developmentRegion = English;
			hasScannedForEncodings = 0;
			knownRegions = (
				en,
				Base,
			);
			mainGroup = 89BE4C581EFC6EE900803B42;
			productRefGroup = 89BE4C621EFC6EE900803B42 /* Products */;
			projectDirPath = "";
			projectRoot = "";
			targets = (
				89BE4C601EFC6EE900803B42 /* Makestagram */,
			);
		};
/* End PBXProject section */

/* Begin PBXResourcesBuildPhase section */
		89BE4C5F1EFC6EE900803B42 /* Resources */ = {
			isa = PBXResourcesBuildPhase;
			buildActionMask = 2147483647;
			files = (
				89452E5F1EFC72610063A9D0 /* Main.storyboard in Resources */,
				89452E621EFC726B0063A9D0 /* GoogleService-Info.plist in Resources */,
				89BE4C6C1EFC6EE900803B42 /* Assets.xcassets in Resources */,
				892839581F031E2700AEF97C /* Home.storyboard in Resources */,
				89452E6A1EFC77960063A9D0 /* Login.storyboard in Resources */,
				89452E5E1EFC72610063A9D0 /* LaunchScreen.storyboard in Resources */,
			);
			runOnlyForDeploymentPostprocessing = 0;
		};
/* End PBXResourcesBuildPhase section */

/* Begin PBXShellScriptBuildPhase section */
		88D6BF5785B059DF5C298AE9 /* [CP] Embed Pods Frameworks */ = {
			isa = PBXShellScriptBuildPhase;
			buildActionMask = 2147483647;
			files = (
			);
			inputPaths = (
			);
			name = "[CP] Embed Pods Frameworks";
			outputPaths = (
			);
			runOnlyForDeploymentPostprocessing = 0;
			shellPath = /bin/sh;
			shellScript = "\"${SRCROOT}/Pods/Target Support Files/Pods-Makestagram/Pods-Makestagram-frameworks.sh\"\n";
			showEnvVarsInLog = 0;
		};
		8F8EC247381662493256FC21 /* [CP] Check Pods Manifest.lock */ = {
			isa = PBXShellScriptBuildPhase;
			buildActionMask = 2147483647;
			files = (
			);
			inputPaths = (
			);
			name = "[CP] Check Pods Manifest.lock";
			outputPaths = (
			);
			runOnlyForDeploymentPostprocessing = 0;
			shellPath = /bin/sh;
			shellScript = "diff \"${PODS_PODFILE_DIR_PATH}/Podfile.lock\" \"${PODS_ROOT}/Manifest.lock\" > /dev/null\nif [ $? != 0 ] ; then\n    # print error to STDERR\n    echo \"error: The sandbox is not in sync with the Podfile.lock. Run 'pod install' or update your CocoaPods installation.\" >&2\n    exit 1\nfi\n";
			showEnvVarsInLog = 0;
		};
		AA9F50BE2ECC23881AD65675 /* [CP] Copy Pods Resources */ = {
			isa = PBXShellScriptBuildPhase;
			buildActionMask = 2147483647;
			files = (
			);
			inputPaths = (
			);
			name = "[CP] Copy Pods Resources";
			outputPaths = (
			);
			runOnlyForDeploymentPostprocessing = 0;
			shellPath = /bin/sh;
			shellScript = "\"${SRCROOT}/Pods/Target Support Files/Pods-Makestagram/Pods-Makestagram-resources.sh\"\n";
			showEnvVarsInLog = 0;
		};
/* End PBXShellScriptBuildPhase section */

/* Begin PBXSourcesBuildPhase section */
		89BE4C5D1EFC6EE900803B42 /* Sources */ = {
			isa = PBXSourcesBuildPhase;
			buildActionMask = 2147483647;
			files = (
				894C18C91EFDDAF000FA1C6A /* LoginViewController.swift in Sources */,
				8928394E1F030EBA00AEF97C /* StorageService.swift in Sources */,
				894C18C71EFDDA8000FA1C6A /* User.swift in Sources */,
				8925E1E11F018BF300E3C2EC /* UserService.swift in Sources */,
				8925E1EB1F01D5C400E3C2EC /* HomeViewController.swift in Sources */,
				8928CB141F042A5A0031FE7E /* PostActionCell.swift in Sources */,
				892839561F0319F100AEF97C /* StorageReference+Push.swift in Sources */,
				8928CB0F1F040EA80031FE7E /* PostImageCell.swift in Sources */,
				892839521F0313B900AEF97C /* Post.swift in Sources */,
				892839541F03181D00AEF97C /* UIImage+Size.swift in Sources */,
				8925E1E81F01C10D00E3C2EC /* Storyboard+Utility.swift in Sources */,
				892839491F02E11F00AEF97C /* MGPhotoHelper.swift in Sources */,
				892839471F02DB8C00AEF97C /* MainTabBarController.swift in Sources */,
				8925E1ED1F01D5DA00E3C2EC /* FindFriendsViewController.swift in Sources */,
				8925E1E61F01C03100E3C2EC /* Constants.swift in Sources */,
				892839501F03117F00AEF97C /* PostService.swift in Sources */,
				89BE4C651EFC6EE900803B42 /* AppDelegate.swift in Sources */,
				8928CB121F0423870031FE7E /* PostHeaderCell.swift in Sources */,
				8925E1E41F01AD8900E3C2EC /* CreateUsernameViewControler.swift in Sources */,
			);
			runOnlyForDeploymentPostprocessing = 0;
		};
/* End PBXSourcesBuildPhase section */

/* Begin XCBuildConfiguration section */
		89BE4C711EFC6EE900803B42 /* Debug */ = {
			isa = XCBuildConfiguration;
			buildSettings = {
				ALWAYS_SEARCH_USER_PATHS = NO;
				CLANG_ANALYZER_NONNULL = YES;
				CLANG_ANALYZER_NUMBER_OBJECT_CONVERSION = YES_AGGRESSIVE;
				CLANG_CXX_LANGUAGE_STANDARD = "gnu++0x";
				CLANG_CXX_LIBRARY = "libc++";
				CLANG_ENABLE_MODULES = YES;
				CLANG_ENABLE_OBJC_ARC = YES;
				CLANG_WARN_BOOL_CONVERSION = YES;
				CLANG_WARN_CONSTANT_CONVERSION = YES;
				CLANG_WARN_DIRECT_OBJC_ISA_USAGE = YES_ERROR;
				CLANG_WARN_DOCUMENTATION_COMMENTS = YES;
				CLANG_WARN_EMPTY_BODY = YES;
				CLANG_WARN_ENUM_CONVERSION = YES;
				CLANG_WARN_INFINITE_RECURSION = YES;
				CLANG_WARN_INT_CONVERSION = YES;
				CLANG_WARN_OBJC_ROOT_CLASS = YES_ERROR;
				CLANG_WARN_SUSPICIOUS_MOVE = YES;
				CLANG_WARN_UNREACHABLE_CODE = YES;
				CLANG_WARN__DUPLICATE_METHOD_MATCH = YES;
				"CODE_SIGN_IDENTITY[sdk=iphoneos*]" = "iPhone Developer";
				COPY_PHASE_STRIP = NO;
				DEBUG_INFORMATION_FORMAT = dwarf;
				ENABLE_STRICT_OBJC_MSGSEND = YES;
				ENABLE_TESTABILITY = YES;
				GCC_C_LANGUAGE_STANDARD = gnu99;
				GCC_DYNAMIC_NO_PIC = NO;
				GCC_NO_COMMON_BLOCKS = YES;
				GCC_OPTIMIZATION_LEVEL = 0;
				GCC_PREPROCESSOR_DEFINITIONS = (
					"DEBUG=1",
					"$(inherited)",
				);
				GCC_WARN_64_TO_32_BIT_CONVERSION = YES;
				GCC_WARN_ABOUT_RETURN_TYPE = YES_ERROR;
				GCC_WARN_UNDECLARED_SELECTOR = YES;
				GCC_WARN_UNINITIALIZED_AUTOS = YES_AGGRESSIVE;
				GCC_WARN_UNUSED_FUNCTION = YES;
				GCC_WARN_UNUSED_VARIABLE = YES;
				IPHONEOS_DEPLOYMENT_TARGET = 10.3;
				MTL_ENABLE_DEBUG_INFO = YES;
				ONLY_ACTIVE_ARCH = YES;
				SDKROOT = iphoneos;
				SWIFT_ACTIVE_COMPILATION_CONDITIONS = DEBUG;
				SWIFT_OPTIMIZATION_LEVEL = "-Onone";
			};
			name = Debug;
		};
		89BE4C721EFC6EE900803B42 /* Release */ = {
			isa = XCBuildConfiguration;
			buildSettings = {
				ALWAYS_SEARCH_USER_PATHS = NO;
				CLANG_ANALYZER_NONNULL = YES;
				CLANG_ANALYZER_NUMBER_OBJECT_CONVERSION = YES_AGGRESSIVE;
				CLANG_CXX_LANGUAGE_STANDARD = "gnu++0x";
				CLANG_CXX_LIBRARY = "libc++";
				CLANG_ENABLE_MODULES = YES;
				CLANG_ENABLE_OBJC_ARC = YES;
				CLANG_WARN_BOOL_CONVERSION = YES;
				CLANG_WARN_CONSTANT_CONVERSION = YES;
				CLANG_WARN_DIRECT_OBJC_ISA_USAGE = YES_ERROR;
				CLANG_WARN_DOCUMENTATION_COMMENTS = YES;
				CLANG_WARN_EMPTY_BODY = YES;
				CLANG_WARN_ENUM_CONVERSION = YES;
				CLANG_WARN_INFINITE_RECURSION = YES;
				CLANG_WARN_INT_CONVERSION = YES;
				CLANG_WARN_OBJC_ROOT_CLASS = YES_ERROR;
				CLANG_WARN_SUSPICIOUS_MOVE = YES;
				CLANG_WARN_UNREACHABLE_CODE = YES;
				CLANG_WARN__DUPLICATE_METHOD_MATCH = YES;
				"CODE_SIGN_IDENTITY[sdk=iphoneos*]" = "iPhone Developer";
				COPY_PHASE_STRIP = NO;
				DEBUG_INFORMATION_FORMAT = "dwarf-with-dsym";
				ENABLE_NS_ASSERTIONS = NO;
				ENABLE_STRICT_OBJC_MSGSEND = YES;
				GCC_C_LANGUAGE_STANDARD = gnu99;
				GCC_NO_COMMON_BLOCKS = YES;
				GCC_WARN_64_TO_32_BIT_CONVERSION = YES;
				GCC_WARN_ABOUT_RETURN_TYPE = YES_ERROR;
				GCC_WARN_UNDECLARED_SELECTOR = YES;
				GCC_WARN_UNINITIALIZED_AUTOS = YES_AGGRESSIVE;
				GCC_WARN_UNUSED_FUNCTION = YES;
				GCC_WARN_UNUSED_VARIABLE = YES;
				IPHONEOS_DEPLOYMENT_TARGET = 10.3;
				MTL_ENABLE_DEBUG_INFO = NO;
				SDKROOT = iphoneos;
				SWIFT_OPTIMIZATION_LEVEL = "-Owholemodule";
				VALIDATE_PRODUCT = YES;
			};
			name = Release;
		};
		89BE4C741EFC6EE900803B42 /* Debug */ = {
			isa = XCBuildConfiguration;
			baseConfigurationReference = 13B9823BF275AA6B05240DFA /* Pods-Makestagram.debug.xcconfig */;
			buildSettings = {
				ASSETCATALOG_COMPILER_APPICON_NAME = AppIcon;
				DEVELOPMENT_TEAM = 84R2JMF96C;
				INFOPLIST_FILE = "$(SRCROOT)/Makestagram/Supporting/Info.plist";
				LD_RUNPATH_SEARCH_PATHS = "$(inherited) @executable_path/Frameworks";
				PRODUCT_BUNDLE_IDENTIFIER = com.hwang.Makestagram;
				PRODUCT_NAME = "$(TARGET_NAME)";
				SWIFT_VERSION = 3.0;
			};
			name = Debug;
		};
		89BE4C751EFC6EE900803B42 /* Release */ = {
			isa = XCBuildConfiguration;
			baseConfigurationReference = 6587EB256310D9831CC09EE0 /* Pods-Makestagram.release.xcconfig */;
			buildSettings = {
				ASSETCATALOG_COMPILER_APPICON_NAME = AppIcon;
				DEVELOPMENT_TEAM = 84R2JMF96C;
				INFOPLIST_FILE = "$(SRCROOT)/Makestagram/Supporting/Info.plist";
				LD_RUNPATH_SEARCH_PATHS = "$(inherited) @executable_path/Frameworks";
				PRODUCT_BUNDLE_IDENTIFIER = com.hwang.Makestagram;
				PRODUCT_NAME = "$(TARGET_NAME)";
				SWIFT_VERSION = 3.0;
			};
			name = Release;
		};
/* End XCBuildConfiguration section */

/* Begin XCConfigurationList section */
		89BE4C5C1EFC6EE900803B42 /* Build configuration list for PBXProject "Makestagram" */ = {
			isa = XCConfigurationList;
			buildConfigurations = (
				89BE4C711EFC6EE900803B42 /* Debug */,
				89BE4C721EFC6EE900803B42 /* Release */,
			);
			defaultConfigurationIsVisible = 0;
			defaultConfigurationName = Release;
		};
		89BE4C731EFC6EE900803B42 /* Build configuration list for PBXNativeTarget "Makestagram" */ = {
			isa = XCConfigurationList;
			buildConfigurations = (
				89BE4C741EFC6EE900803B42 /* Debug */,
				89BE4C751EFC6EE900803B42 /* Release */,
			);
			defaultConfigurationIsVisible = 0;
			defaultConfigurationName = Release;
		};
/* End XCConfigurationList section */
	};
	rootObject = 89BE4C591EFC6EE900803B42 /* Project object */;
}
